{
  "originHash" : "5ea016456bdac740205e5150d80d8b3aa9c52a3872dac4167019a25dacf6561f",
  "pins" : [
    {
      "identity" : "ascollectionview",
      "kind" : "remoteSourceControl",
      "location" : "https://github.com/apptekstudios/ASCollectionView",
      "state" : {
        "revision" : "4288744ba484c1062c109c0f28d72b629d321d55",
        "version" : "2.1.1"
      }
    },
    {
      "identity" : "differencekit",
      "kind" : "remoteSourceControl",
      "location" : "https://github.com/ra1028/DifferenceKit",
      "state" : {
        "revision" : "073b9671ce2b9b5b96398611427a1f929927e428",
        "version" : "1.3.0"
      }
    },
    {
      "identity" : "infinite4pager",
      "kind" : "remoteSourceControl",
      "location" : "https://github.com/fatbobman/Infinite4Pager.git",
      "state" : {
        "revision" : "423319b95a7fb85ebd469e09c36e1b1219fcdcfe",
        "version" : "0.3.0"
      }
    }
  ],
  "version" : 3
}
